
Microsoft Visual Studio Solution File, Format Version 12.00
# Visual Studio Version 16
VisualStudioVersion = 16.0.30907.101
MinimumVisualStudioVersion = 10.0.40219.1
Project("{FAE04EC0-301F-11D3-BF4B-00C04F79EFBC}") = "HCMUS", "HCMUS\HCMUS.csproj", "{B5328069-EC19-44A6-BC11-BE1B0D5E3B29}"
EndProject
Global
	GlobalSection(SolutionConfigurationPlatforms) = preSolution
		Debug|Any CPU = Debug|Any CPU
		Release|Any CPU = Release|Any CPU
	EndGlobalSection
	GlobalSection(ProjectConfigurationPlatforms) = postSolution
		{B5328069-EC19-44A6-BC11-BE1B0D5E3B29}.Debug|Any CPU.ActiveCfg = Debug|Any CPU
		{B5328069-EC19-44A6-BC11-BE1B0D5E3B29}.Debug|Any CPU.Build.0 = Debug|Any CPU
		{B5328069-EC19-44A6-BC11-BE1B0D5E3B29}.Release|Any CPU.ActiveCfg = Release|Any CPU
		{B5328069-EC19-44A6-BC11-BE1B0D5E3B29}.Release|Any CPU.Build.0 = Release|Any CPU
	EndGlobalSection
	GlobalSection(SolutionProperties) = preSolution
		HideSolutionNode = FALSE
	EndGlobalSection
	GlobalSection(ExtensibilityGlobals) = postSolution
		SolutionGuid = {232328F4-6D10-42F1-ABA3-075E78850229}
	EndGlobalSection
EndGlobal
